
Microsoft Visual Studio Solution File, Format Version 12.00
# Visual Studio 15
VisualStudioVersion = 15.0.28307.168
MinimumVisualStudioVersion = 10.0.40219.1
Project("{FAE04EC0-301F-11D3-BF4B-00C04F79EFBC}") = "SampleApp", "SampleApp\SampleApp.csproj", "{09FEB77E-407E-4062-8FA9-AB675727336C}"
EndProject
Global
	GlobalSection(SolutionConfigurationPlatforms) = preSolution
		Debug|Any CPU = Debug|Any CPU
		Release|Any CPU = Release|Any CPU
	EndGlobalSection
	GlobalSection(ProjectConfigurationPlatforms) = postSolution
		{09FEB77E-407E-4062-8FA9-AB675727336C}.Debug|Any CPU.ActiveCfg = Debug|Any CPU
		{09FEB77E-407E-4062-8FA9-AB675727336C}.Debug|Any CPU.Build.0 = Debug|Any CPU
		{09FEB77E-407E-4062-8FA9-AB675727336C}.Release|Any CPU.ActiveCfg = Release|Any CPU
		{09FEB77E-407E-4062-8FA9-AB675727336C}.Release|Any CPU.Build.0 = Release|Any CPU
	EndGlobalSection
	GlobalSection(SolutionProperties) = preSolution
		HideSolutionNode = FALSE
	EndGlobalSection
	GlobalSection(ExtensibilityGlobals) = postSolution
		SolutionGuid = {F44CFA78-8DE3-449B-8B1D-03942388F7B2}
	EndGlobalSection
EndGlobal
